{
  "checksum": "782c871d6ccf51f6a09fb2920b9f45a25e5b1d501075bb18559d536f1807bd51",
  "crates": {
    "addr2line 0.21.0": {
      "name": "addr2line",
      "version": "0.21.0",
      "package_url": "https://github.com/gimli-rs/addr2line",
      "repository": {
        "Http": {
          "url": "https://crates.io/api/v1/crates/addr2line/0.21.0/download",
          "sha256": "8a30b2e23b9e17a9f90641c7ab1549cd9b44f296d3ccbf309d2863cfe398a0cb"
        }
      },
      "targets": [
        {
          "Library": {
            "crate_name": "addr2line",
            "crate_root": "src/lib.rs",
            "srcs": {
              "allow_empty": false,
              "include": [
                "**/*.rs"
              ]
            }
          }
        }
      ],
      "library_target_name": "addr2line",
      "common_attrs": {
        "compile_data_glob": [
          "**"
        ],
        "deps": {
          "common": [
            {
              "id": "gimli 0.28.1",
              "target": "gimli"
            }
          ],
          "selects": {}
        },
        "edition": "2018",
        "version": "0.21.0"
      },
      "license": "Apache-2.0 OR MIT",
      "license_ids": [
        "Apache-2.0",
        "MIT"
      ],
      "license_file": "LICENSE-APACHE"
    },
    "adler 1.0.2": {
      "name": "adler",
      "version": "1.0.2",
      "package_url": "https://github.com/jonas-schievink/adler.git",
      "repository": {
        "Http": {
          "url": "https://crates.io/api/v1/crates/adler/1.0.2/download",
          "sha256": "f26201604c87b1e01bd3d98f8d5d9a8fcbb815e8cedb41ffccbeb4bf593a35fe"
        }
      },
      "targets": [
        {
          "Library": {
            "crate_name": "adler",
            "crate_root": "src/lib.rs",
            "srcs": {
              "allow_empty": false,
              "include": [
                "**/*.rs"
              ]
            }
          }
        }
      ],
      "library_target_name": "adler",
      "common_attrs": {
        "compile_data_glob": [
          "**"
        ],
        "edition": "2015",
        "version": "1.0.2"
      },
      "license": "0BSD OR MIT OR Apache-2.0",
      "license_ids": [
        "0BSD",
        "Apache-2.0",
        "MIT"
      ],
      "license_file": "LICENSE-0BSD"
    },
    "backtrace 0.3.69": {
      "name": "backtrace",
      "version": "0.3.69",
      "package_url": "https://github.com/rust-lang/backtrace-rs",
      "repository": {
        "Http": {
          "url": "https://crates.io/api/v1/crates/backtrace/0.3.69/download",
          "sha256": "2089b7e3f35b9dd2d0ed921ead4f6d318c27680d4a5bd167b3ee120edb105837"
        }
      },
      "targets": [
        {
          "Library": {
            "crate_name": "backtrace",
            "crate_root": "src/lib.rs",
            "srcs": {
              "allow_empty": false,
              "include": [
                "**/*.rs"
              ]
            }
          }
        },
        {
          "BuildScript": {
            "crate_name": "build_script_build",
            "crate_root": "build.rs",
            "srcs": {
              "allow_empty": false,
              "include": [
                "**/*.rs"
              ]
            }
          }
        }
      ],
      "library_target_name": "backtrace",
      "common_attrs": {
        "compile_data_glob": [
          "**"
        ],
        "crate_features": {
          "common": [
            "default",
            "gimli-symbolize",
            "std"
          ],
          "selects": {}
        },
        "deps": {
          "common": [
            {
              "id": "backtrace 0.3.69",
              "target": "build_script_build"
            },
            {
              "id": "cfg-if 1.0.0",
              "target": "cfg_if"
            },
            {
              "id": "rustc-demangle 0.1.23",
              "target": "rustc_demangle"
            }
          ],
          "selects": {
            "cfg(not(all(windows, target_env = \"msvc\", not(target_vendor = \"uwp\"))))": [
              {
                "id": "addr2line 0.21.0",
                "target": "addr2line"
              },
              {
                "id": "libc 0.2.153",
                "target": "libc"
              },
              {
                "id": "miniz_oxide 0.7.2",
                "target": "miniz_oxide"
              },
              {
                "id": "object 0.32.2",
                "target": "object"
              }
            ]
          }
        },
        "edition": "2018",
        "version": "0.3.69"
      },
      "build_script_attrs": {
        "data_glob": [
          "**"
        ],
        "deps": {
          "common": [
            {
              "id": "cc 1.0.90",
              "target": "cc"
            }
          ],
          "selects": {}
        }
      },
      "license": "MIT OR Apache-2.0",
      "license_ids": [
        "Apache-2.0",
        "MIT"
      ],
      "license_file": "LICENSE-APACHE"
    },
    "cc 1.0.90": {
      "name": "cc",
      "version": "1.0.90",
      "package_url": "https://github.com/rust-lang/cc-rs",
      "repository": {
        "Http": {
          "url": "https://crates.io/api/v1/crates/cc/1.0.90/download",
          "sha256": "8cd6604a82acf3039f1144f54b8eb34e91ffba622051189e71b781822d5ee1f5"
        }
      },
      "targets": [
        {
          "Library": {
            "crate_name": "cc",
            "crate_root": "src/lib.rs",
            "srcs": {
              "allow_empty": false,
              "include": [
                "**/*.rs"
              ]
            }
          }
        }
      ],
      "library_target_name": "cc",
      "common_attrs": {
        "compile_data_glob": [
          "**"
        ],
        "edition": "2018",
        "version": "1.0.90"
      },
      "license": "MIT OR Apache-2.0",
      "license_ids": [
        "Apache-2.0",
        "MIT"
      ],
      "license_file": "LICENSE-APACHE"
    },
    "cfg-if 1.0.0": {
      "name": "cfg-if",
      "version": "1.0.0",
      "package_url": "https://github.com/alexcrichton/cfg-if",
      "repository": {
        "Http": {
          "url": "https://crates.io/api/v1/crates/cfg-if/1.0.0/download",
          "sha256": "baf1de4339761588bc0619e3cbc0120ee582ebb74b53b4efbf79117bd2da40fd"
        }
      },
      "targets": [
        {
          "Library": {
            "crate_name": "cfg_if",
            "crate_root": "src/lib.rs",
            "srcs": {
              "allow_empty": false,
              "include": [
                "**/*.rs"
              ]
            }
          }
        }
      ],
      "library_target_name": "cfg_if",
      "common_attrs": {
        "compile_data_glob": [
          "**"
        ],
        "edition": "2018",
        "version": "1.0.0"
      },
      "license": "MIT/Apache-2.0",
      "license_ids": [
        "Apache-2.0",
        "MIT"
      ],
      "license_file": "LICENSE-APACHE"
    },
    "color-eyre 0.6.2": {
      "name": "color-eyre",
      "version": "0.6.2",
      "package_url": "https://github.com/yaahc/color-eyre",
      "repository": {
        "Http": {
          "url": "https://crates.io/api/v1/crates/color-eyre/0.6.2/download",
          "sha256": "5a667583cca8c4f8436db8de46ea8233c42a7d9ae424a82d338f2e4675229204"
        }
      },
      "targets": [
        {
          "Library": {
            "crate_name": "color_eyre",
            "crate_root": "src/lib.rs",
            "srcs": {
              "allow_empty": false,
              "include": [
                "**/*.rs"
              ]
            }
          }
        }
      ],
      "library_target_name": "color_eyre",
      "common_attrs": {
        "compile_data_glob": [
          "**"
        ],
        "crate_features": {
          "common": [
            "capture-spantrace",
            "color-spantrace",
            "default",
            "tracing-error",
            "track-caller"
          ],
          "selects": {}
        },
        "deps": {
          "common": [
            {
              "id": "backtrace 0.3.69",
              "target": "backtrace"
            },
            {
              "id": "color-spantrace 0.2.1",
              "target": "color_spantrace"
            },
            {
              "id": "eyre 0.6.12",
              "target": "eyre"
            },
            {
              "id": "indenter 0.3.3",
              "target": "indenter"
            },
            {
              "id": "once_cell 1.19.0",
              "target": "once_cell"
            },
            {
              "id": "owo-colors 3.5.0",
              "target": "owo_colors"
            },
            {
              "id": "tracing-error 0.2.0",
              "target": "tracing_error"
            }
          ],
          "selects": {}
        },
        "edition": "2018",
        "version": "0.6.2"
      },
      "license": "MIT OR Apache-2.0",
      "license_ids": [
        "Apache-2.0",
        "MIT"
      ],
      "license_file": "LICENSE-APACHE"
    },
    "color-spantrace 0.2.1": {
      "name": "color-spantrace",
      "version": "0.2.1",
      "package_url": "https://github.com/eyre-rs/eyre",
      "repository": {
        "Http": {
          "url": "https://crates.io/api/v1/crates/color-spantrace/0.2.1/download",
          "sha256": "cd6be1b2a7e382e2b98b43b2adcca6bb0e465af0bdd38123873ae61eb17a72c2"
        }
      },
      "targets": [
        {
          "Library": {
            "crate_name": "color_spantrace",
            "crate_root": "src/lib.rs",
            "srcs": {
              "allow_empty": false,
              "include": [
                "**/*.rs"
              ]
            }
          }
        }
      ],
      "library_target_name": "color_spantrace",
      "common_attrs": {
        "compile_data_glob": [
          "**"
        ],
        "deps": {
          "common": [
            {
              "id": "once_cell 1.19.0",
              "target": "once_cell"
            },
            {
              "id": "owo-colors 3.5.0",
              "target": "owo_colors"
            },
            {
              "id": "tracing-core 0.1.32",
              "target": "tracing_core"
            },
            {
              "id": "tracing-error 0.2.0",
              "target": "tracing_error"
            }
          ],
          "selects": {}
        },
        "edition": "2018",
        "version": "0.2.1"
      },
      "license": "MIT OR Apache-2.0",
      "license_ids": [
        "Apache-2.0",
        "MIT"
      ],
      "license_file": "LICENSE-APACHE"
    },
    "direct-cargo-bazel-deps 0.0.1": {
      "name": "direct-cargo-bazel-deps",
      "version": "0.0.1",
      "package_url": null,
      "repository": null,
      "targets": [
        {
          "Library": {
            "crate_name": "direct_cargo_bazel_deps",
            "crate_root": ".direct_cargo_bazel_deps.rs",
            "srcs": {
              "allow_empty": false,
              "include": [
                "**/*.rs"
              ]
            }
          }
        }
      ],
      "library_target_name": "direct_cargo_bazel_deps",
      "common_attrs": {
        "compile_data_glob": [
          "**"
        ],
        "deps": {
          "common": [
            {
              "id": "color-eyre 0.6.2",
              "target": "color_eyre"
            },
            {
              "id": "eyre 0.6.12",
              "target": "eyre"
            },
            {
              "id": "libc 0.2.153",
              "target": "libc"
            },
            {
              "id": "tap 1.0.1",
              "target": "tap"
            }
          ],
          "selects": {}
        },
        "edition": "2018",
        "version": "0.0.1"
      },
      "license": null,
      "license_ids": [],
      "license_file": null
    },
    "eyre 0.6.12": {
      "name": "eyre",
      "version": "0.6.12",
      "package_url": "https://github.com/eyre-rs/eyre",
      "repository": {
        "Http": {
          "url": "https://crates.io/api/v1/crates/eyre/0.6.12/download",
          "sha256": "7cd915d99f24784cdc19fd37ef22b97e3ff0ae756c7e492e9fbfe897d61e2aec"
        }
      },
      "targets": [
        {
          "Library": {
            "crate_name": "eyre",
            "crate_root": "src/lib.rs",
            "srcs": {
              "allow_empty": false,
              "include": [
                "**/*.rs"
              ]
            }
          }
        },
        {
          "BuildScript": {
            "crate_name": "build_script_build",
            "crate_root": "build.rs",
            "srcs": {
              "allow_empty": false,
              "include": [
                "**/*.rs"
              ]
            }
          }
        }
      ],
      "library_target_name": "eyre",
      "common_attrs": {
        "compile_data_glob": [
          "**"
        ],
        "crate_features": {
          "common": [
            "auto-install",
            "default",
            "track-caller"
          ],
          "selects": {}
        },
        "deps": {
          "common": [
            {
              "id": "eyre 0.6.12",
              "target": "build_script_build"
            },
            {
              "id": "indenter 0.3.3",
              "target": "indenter"
            },
            {
              "id": "once_cell 1.19.0",
              "target": "once_cell"
            }
          ],
          "selects": {}
        },
        "edition": "2018",
        "version": "0.6.12"
      },
      "build_script_attrs": {
        "data_glob": [
          "**"
        ]
      },
      "license": "MIT OR Apache-2.0",
      "license_ids": [
        "Apache-2.0",
        "MIT"
      ],
      "license_file": "LICENSE-APACHE"
    },
    "gimli 0.28.1": {
      "name": "gimli",
      "version": "0.28.1",
      "package_url": "https://github.com/gimli-rs/gimli",
      "repository": {
        "Http": {
          "url": "https://crates.io/api/v1/crates/gimli/0.28.1/download",
          "sha256": "4271d37baee1b8c7e4b708028c57d816cf9d2434acb33a549475f78c181f6253"
        }
      },
      "targets": [
        {
          "Library": {
            "crate_name": "gimli",
            "crate_root": "src/lib.rs",
            "srcs": {
              "allow_empty": false,
              "include": [
                "**/*.rs"
              ]
            }
          }
        }
      ],
      "library_target_name": "gimli",
      "common_attrs": {
        "compile_data_glob": [
          "**"
        ],
        "crate_features": {
          "common": [
            "read",
            "read-core"
          ],
          "selects": {}
        },
        "edition": "2018",
        "version": "0.28.1"
      },
      "license": "MIT OR Apache-2.0",
      "license_ids": [
        "Apache-2.0",
        "MIT"
      ],
      "license_file": "LICENSE-APACHE"
    },
    "indenter 0.3.3": {
      "name": "indenter",
      "version": "0.3.3",
      "package_url": "https://github.com/yaahc/indenter",
      "repository": {
        "Http": {
          "url": "https://crates.io/api/v1/crates/indenter/0.3.3/download",
          "sha256": "ce23b50ad8242c51a442f3ff322d56b02f08852c77e4c0b4d3fd684abc89c683"
        }
      },
      "targets": [
        {
          "Library": {
            "crate_name": "indenter",
            "crate_root": "src/lib.rs",
            "srcs": {
              "allow_empty": false,
              "include": [
                "**/*.rs"
              ]
            }
          }
        }
      ],
      "library_target_name": "indenter",
      "common_attrs": {
        "compile_data_glob": [
          "**"
        ],
        "crate_features": {
          "common": [
            "default"
          ],
          "selects": {}
        },
        "edition": "2018",
        "version": "0.3.3"
      },
      "license": "MIT OR Apache-2.0",
      "license_ids": [
        "Apache-2.0",
        "MIT"
      ],
      "license_file": null
    },
    "lazy_static 1.4.0": {
      "name": "lazy_static",
      "version": "1.4.0",
      "package_url": "https://github.com/rust-lang-nursery/lazy-static.rs",
      "repository": {
        "Http": {
          "url": "https://crates.io/api/v1/crates/lazy_static/1.4.0/download",
          "sha256": "e2abad23fbc42b3700f2f279844dc832adb2b2eb069b2df918f455c4e18cc646"
        }
      },
      "targets": [
        {
          "Library": {
            "crate_name": "lazy_static",
            "crate_root": "src/lib.rs",
            "srcs": {
              "allow_empty": false,
              "include": [
                "**/*.rs"
              ]
            }
          }
        }
      ],
      "library_target_name": "lazy_static",
      "common_attrs": {
        "compile_data_glob": [
          "**"
        ],
        "edition": "2015",
        "version": "1.4.0"
      },
      "license": "MIT/Apache-2.0",
      "license_ids": [
        "Apache-2.0",
        "MIT"
      ],
      "license_file": "LICENSE-APACHE"
    },
    "libc 0.2.153": {
      "name": "libc",
      "version": "0.2.153",
      "package_url": "https://github.com/rust-lang/libc",
      "repository": {
        "Http": {
          "url": "https://crates.io/api/v1/crates/libc/0.2.153/download",
          "sha256": "9c198f91728a82281a64e1f4f9eeb25d82cb32a5de251c6bd1b5154d63a8e7bd"
        }
      },
      "targets": [
        {
          "Library": {
            "crate_name": "libc",
            "crate_root": "src/lib.rs",
            "srcs": {
              "allow_empty": false,
              "include": [
                "**/*.rs"
              ]
            }
          }
        },
        {
          "BuildScript": {
            "crate_name": "build_script_build",
            "crate_root": "build.rs",
            "srcs": {
              "allow_empty": false,
              "include": [
                "**/*.rs"
              ]
            }
          }
        }
      ],
      "library_target_name": "libc",
      "common_attrs": {
        "compile_data_glob": [
          "**"
        ],
        "crate_features": {
          "common": [
            "default",
            "std"
          ],
          "selects": {}
        },
        "deps": {
          "common": [
            {
              "id": "libc 0.2.153",
              "target": "build_script_build"
            }
          ],
          "selects": {}
        },
        "edition": "2015",
        "version": "0.2.153"
      },
      "build_script_attrs": {
        "data_glob": [
          "**"
        ]
      },
      "license": "MIT OR Apache-2.0",
      "license_ids": [
        "Apache-2.0",
        "MIT"
      ],
      "license_file": "LICENSE-APACHE"
    },
    "memchr 2.7.1": {
      "name": "memchr",
      "version": "2.7.1",
      "package_url": "https://github.com/BurntSushi/memchr",
      "repository": {
        "Http": {
          "url": "https://crates.io/api/v1/crates/memchr/2.7.1/download",
          "sha256": "523dc4f511e55ab87b694dc30d0f820d60906ef06413f93d4d7a1385599cc149"
        }
      },
      "targets": [
        {
          "Library": {
            "crate_name": "memchr",
            "crate_root": "src/lib.rs",
            "srcs": {
              "allow_empty": false,
              "include": [
                "**/*.rs"
              ]
            }
          }
        }
      ],
      "library_target_name": "memchr",
      "common_attrs": {
        "compile_data_glob": [
          "**"
        ],
        "edition": "2021",
        "version": "2.7.1"
      },
      "license": "Unlicense OR MIT",
      "license_ids": [
        "MIT",
        "Unlicense"
      ],
      "license_file": "LICENSE-MIT"
    },
    "miniz_oxide 0.7.2": {
      "name": "miniz_oxide",
      "version": "0.7.2",
      "package_url": "https://github.com/Frommi/miniz_oxide/tree/master/miniz_oxide",
      "repository": {
        "Http": {
          "url": "https://crates.io/api/v1/crates/miniz_oxide/0.7.2/download",
          "sha256": "9d811f3e15f28568be3407c8e7fdb6514c1cda3cb30683f15b6a1a1dc4ea14a7"
        }
      },
      "targets": [
        {
          "Library": {
            "crate_name": "miniz_oxide",
            "crate_root": "src/lib.rs",
            "srcs": {
              "allow_empty": false,
              "include": [
                "**/*.rs"
              ]
            }
          }
        }
      ],
      "library_target_name": "miniz_oxide",
      "common_attrs": {
        "compile_data_glob": [
          "**"
        ],
        "deps": {
          "common": [
            {
              "id": "adler 1.0.2",
              "target": "adler"
            }
          ],
          "selects": {}
        },
        "edition": "2018",
        "version": "0.7.2"
      },
      "license": "MIT OR Zlib OR Apache-2.0",
      "license_ids": [
        "Apache-2.0",
        "MIT",
        "Zlib"
      ],
      "license_file": "LICENSE"
    },
    "object 0.32.2": {
      "name": "object",
      "version": "0.32.2",
      "package_url": "https://github.com/gimli-rs/object",
      "repository": {
        "Http": {
          "url": "https://crates.io/api/v1/crates/object/0.32.2/download",
          "sha256": "a6a622008b6e321afc04970976f62ee297fdbaa6f95318ca343e3eebb9648441"
        }
      },
      "targets": [
        {
          "Library": {
            "crate_name": "object",
            "crate_root": "src/lib.rs",
            "srcs": {
              "allow_empty": false,
              "include": [
                "**/*.rs"
              ]
            }
          }
        }
      ],
      "library_target_name": "object",
      "common_attrs": {
        "compile_data_glob": [
          "**"
        ],
        "crate_features": {
          "common": [
            "archive",
            "coff",
            "elf",
            "macho",
            "pe",
            "read_core",
            "unaligned"
          ],
          "selects": {}
        },
        "deps": {
          "common": [
            {
              "id": "memchr 2.7.1",
              "target": "memchr"
            }
          ],
          "selects": {}
        },
        "edition": "2018",
        "version": "0.32.2"
      },
      "license": "Apache-2.0 OR MIT",
      "license_ids": [
        "Apache-2.0",
        "MIT"
      ],
      "license_file": "LICENSE-APACHE"
    },
    "once_cell 1.19.0": {
      "name": "once_cell",
      "version": "1.19.0",
      "package_url": "https://github.com/matklad/once_cell",
      "repository": {
        "Http": {
          "url": "https://crates.io/api/v1/crates/once_cell/1.19.0/download",
          "sha256": "3fdb12b2476b595f9358c5161aa467c2438859caa136dec86c26fdd2efe17b92"
        }
      },
      "targets": [
        {
          "Library": {
            "crate_name": "once_cell",
            "crate_root": "src/lib.rs",
            "srcs": {
              "allow_empty": false,
              "include": [
                "**/*.rs"
              ]
            }
          }
        }
      ],
      "library_target_name": "once_cell",
      "common_attrs": {
        "compile_data_glob": [
          "**"
        ],
        "crate_features": {
          "common": [
            "alloc",
            "default",
            "race",
            "std"
          ],
          "selects": {}
        },
        "edition": "2021",
        "version": "1.19.0"
      },
      "license": "MIT OR Apache-2.0",
      "license_ids": [
        "Apache-2.0",
        "MIT"
      ],
      "license_file": "LICENSE-APACHE"
    },
    "owo-colors 3.5.0": {
      "name": "owo-colors",
      "version": "3.5.0",
      "package_url": "https://github.com/jam1garner/owo-colors",
      "repository": {
        "Http": {
          "url": "https://crates.io/api/v1/crates/owo-colors/3.5.0/download",
          "sha256": "c1b04fb49957986fdce4d6ee7a65027d55d4b6d2265e5848bbb507b58ccfdb6f"
        }
      },
      "targets": [
        {
          "Library": {
            "crate_name": "owo_colors",
            "crate_root": "src/lib.rs",
            "srcs": {
              "allow_empty": false,
              "include": [
                "**/*.rs"
              ]
            }
          }
        }
      ],
      "library_target_name": "owo_colors",
      "common_attrs": {
        "compile_data_glob": [
          "**"
        ],
        "edition": "2018",
        "version": "3.5.0"
      },
      "license": "MIT",
      "license_ids": [
        "MIT"
      ],
      "license_file": "LICENSE"
    },
    "pin-project-lite 0.2.13": {
      "name": "pin-project-lite",
      "version": "0.2.13",
      "package_url": "https://github.com/taiki-e/pin-project-lite",
      "repository": {
        "Http": {
          "url": "https://crates.io/api/v1/crates/pin-project-lite/0.2.13/download",
          "sha256": "8afb450f006bf6385ca15ef45d71d2288452bc3683ce2e2cacc0d18e4be60b58"
        }
      },
      "targets": [
        {
          "Library": {
            "crate_name": "pin_project_lite",
            "crate_root": "src/lib.rs",
            "srcs": {
              "allow_empty": false,
              "include": [
                "**/*.rs"
              ]
            }
          }
        }
      ],
      "library_target_name": "pin_project_lite",
      "common_attrs": {
        "compile_data_glob": [
          "**"
        ],
        "edition": "2018",
        "version": "0.2.13"
      },
      "license": "Apache-2.0 OR MIT",
      "license_ids": [
        "Apache-2.0",
        "MIT"
      ],
      "license_file": "LICENSE-APACHE"
    },
    "rustc-demangle 0.1.23": {
      "name": "rustc-demangle",
      "version": "0.1.23",
      "package_url": "https://github.com/alexcrichton/rustc-demangle",
      "repository": {
        "Http": {
          "url": "https://crates.io/api/v1/crates/rustc-demangle/0.1.23/download",
          "sha256": "d626bb9dae77e28219937af045c257c28bfd3f69333c512553507f5f9798cb76"
        }
      },
      "targets": [
        {
          "Library": {
            "crate_name": "rustc_demangle",
            "crate_root": "src/lib.rs",
            "srcs": {
              "allow_empty": false,
              "include": [
                "**/*.rs"
              ]
            }
          }
        }
      ],
      "library_target_name": "rustc_demangle",
      "common_attrs": {
        "compile_data_glob": [
          "**"
        ],
        "edition": "2015",
        "version": "0.1.23"
      },
      "license": "MIT/Apache-2.0",
      "license_ids": [
        "Apache-2.0",
        "MIT"
      ],
      "license_file": "LICENSE-APACHE"
    },
    "sharded-slab 0.1.7": {
      "name": "sharded-slab",
      "version": "0.1.7",
      "package_url": "https://github.com/hawkw/sharded-slab",
      "repository": {
        "Http": {
          "url": "https://crates.io/api/v1/crates/sharded-slab/0.1.7/download",
          "sha256": "f40ca3c46823713e0d4209592e8d6e826aa57e928f09752619fc696c499637f6"
        }
      },
      "targets": [
        {
          "Library": {
            "crate_name": "sharded_slab",
            "crate_root": "src/lib.rs",
            "srcs": {
              "allow_empty": false,
              "include": [
                "**/*.rs"
              ]
            }
          }
        }
      ],
      "library_target_name": "sharded_slab",
      "common_attrs": {
        "compile_data_glob": [
          "**"
        ],
        "deps": {
          "common": [
            {
              "id": "lazy_static 1.4.0",
              "target": "lazy_static"
            }
          ],
          "selects": {}
        },
        "edition": "2018",
        "version": "0.1.7"
      },
      "license": "MIT",
      "license_ids": [
        "MIT"
      ],
      "license_file": "LICENSE"
    },
    "tap 1.0.1": {
      "name": "tap",
      "version": "1.0.1",
      "package_url": "https://github.com/myrrlyn/tap",
      "repository": {
        "Http": {
          "url": "https://crates.io/api/v1/crates/tap/1.0.1/download",
          "sha256": "55937e1799185b12863d447f42597ed69d9928686b8d88a1df17376a097d8369"
        }
      },
      "targets": [
        {
          "Library": {
            "crate_name": "tap",
            "crate_root": "src/lib.rs",
            "srcs": {
              "allow_empty": false,
              "include": [
                "**/*.rs"
              ]
            }
          }
        }
      ],
      "library_target_name": "tap",
      "common_attrs": {
        "compile_data_glob": [
          "**"
        ],
        "edition": "2015",
        "version": "1.0.1"
      },
      "license": "MIT",
      "license_ids": [
        "MIT"
      ],
      "license_file": "LICENSE.txt"
    },
    "thread_local 1.1.8": {
      "name": "thread_local",
      "version": "1.1.8",
      "package_url": "https://github.com/Amanieu/thread_local-rs",
      "repository": {
        "Http": {
          "url": "https://crates.io/api/v1/crates/thread_local/1.1.8/download",
          "sha256": "8b9ef9bad013ada3808854ceac7b46812a6465ba368859a37e2100283d2d719c"
        }
      },
      "targets": [
        {
          "Library": {
            "crate_name": "thread_local",
            "crate_root": "src/lib.rs",
            "srcs": {
              "allow_empty": false,
              "include": [
                "**/*.rs"
              ]
            }
          }
        }
      ],
      "library_target_name": "thread_local",
      "common_attrs": {
        "compile_data_glob": [
          "**"
        ],
        "deps": {
          "common": [
            {
              "id": "cfg-if 1.0.0",
              "target": "cfg_if"
            },
            {
              "id": "once_cell 1.19.0",
              "target": "once_cell"
            }
          ],
          "selects": {}
        },
        "edition": "2021",
        "version": "1.1.8"
      },
      "license": "MIT OR Apache-2.0",
      "license_ids": [
        "Apache-2.0",
        "MIT"
      ],
      "license_file": "LICENSE-APACHE"
    },
    "tracing 0.1.40": {
      "name": "tracing",
      "version": "0.1.40",
      "package_url": "https://github.com/tokio-rs/tracing",
      "repository": {
        "Http": {
          "url": "https://crates.io/api/v1/crates/tracing/0.1.40/download",
          "sha256": "c3523ab5a71916ccf420eebdf5521fcef02141234bbc0b8a49f2fdc4544364ef"
        }
      },
      "targets": [
        {
          "Library": {
            "crate_name": "tracing",
            "crate_root": "src/lib.rs",
            "srcs": {
              "allow_empty": false,
              "include": [
                "**/*.rs"
              ]
            }
          }
        }
      ],
      "library_target_name": "tracing",
      "common_attrs": {
        "compile_data_glob": [
          "**"
        ],
        "crate_features": {
          "common": [
            "std"
          ],
          "selects": {}
        },
        "deps": {
          "common": [
            {
              "id": "pin-project-lite 0.2.13",
              "target": "pin_project_lite"
            },
            {
              "id": "tracing-core 0.1.32",
              "target": "tracing_core"
            }
          ],
          "selects": {}
        },
        "edition": "2018",
        "version": "0.1.40"
      },
      "license": "MIT",
      "license_ids": [
        "MIT"
      ],
      "license_file": "LICENSE"
    },
    "tracing-core 0.1.32": {
      "name": "tracing-core",
      "version": "0.1.32",
      "package_url": "https://github.com/tokio-rs/tracing",
      "repository": {
        "Http": {
          "url": "https://crates.io/api/v1/crates/tracing-core/0.1.32/download",
          "sha256": "c06d3da6113f116aaee68e4d601191614c9053067f9ab7f6edbcb161237daa54"
        }
      },
      "targets": [
        {
          "Library": {
            "crate_name": "tracing_core",
            "crate_root": "src/lib.rs",
            "srcs": {
              "allow_empty": false,
              "include": [
                "**/*.rs"
              ]
            }
          }
        }
      ],
      "library_target_name": "tracing_core",
      "common_attrs": {
        "compile_data_glob": [
          "**"
        ],
        "crate_features": {
          "common": [
            "default",
            "once_cell",
            "std"
          ],
          "selects": {}
        },
        "deps": {
          "common": [
            {
              "id": "once_cell 1.19.0",
              "target": "once_cell"
            }
          ],
          "selects": {
            "cfg(tracing_unstable)": [
              {
                "id": "valuable 0.1.0",
                "target": "valuable"
              }
            ]
          }
        },
        "edition": "2018",
        "version": "0.1.32"
      },
      "license": "MIT",
      "license_ids": [
        "MIT"
      ],
      "license_file": "LICENSE"
    },
    "tracing-error 0.2.0": {
      "name": "tracing-error",
      "version": "0.2.0",
      "package_url": "https://github.com/tokio-rs/tracing",
      "repository": {
        "Http": {
          "url": "https://crates.io/api/v1/crates/tracing-error/0.2.0/download",
          "sha256": "d686ec1c0f384b1277f097b2f279a2ecc11afe8c133c1aabf036a27cb4cd206e"
        }
      },
      "targets": [
        {
          "Library": {
            "crate_name": "tracing_error",
            "crate_root": "src/lib.rs",
            "srcs": {
              "allow_empty": false,
              "include": [
                "**/*.rs"
              ]
            }
          }
        }
      ],
      "library_target_name": "tracing_error",
      "common_attrs": {
        "compile_data_glob": [
          "**"
        ],
        "crate_features": {
          "common": [
            "default",
            "traced-error"
          ],
          "selects": {}
        },
        "deps": {
          "common": [
            {
              "id": "tracing 0.1.40",
              "target": "tracing"
            },
            {
              "id": "tracing-subscriber 0.3.18",
              "target": "tracing_subscriber"
            }
          ],
          "selects": {}
        },
        "edition": "2018",
        "version": "0.2.0"
      },
      "license": "MIT",
      "license_ids": [
        "MIT"
      ],
      "license_file": "LICENSE"
    },
    "tracing-subscriber 0.3.18": {
      "name": "tracing-subscriber",
      "version": "0.3.18",
      "package_url": "https://github.com/tokio-rs/tracing",
      "repository": {
        "Http": {
          "url": "https://crates.io/api/v1/crates/tracing-subscriber/0.3.18/download",
          "sha256": "ad0f048c97dbd9faa9b7df56362b8ebcaa52adb06b498c050d2f4e32f90a7a8b"
        }
      },
      "targets": [
        {
          "Library": {
            "crate_name": "tracing_subscriber",
            "crate_root": "src/lib.rs",
            "srcs": {
              "allow_empty": false,
              "include": [
                "**/*.rs"
              ]
            }
          }
        }
      ],
      "library_target_name": "tracing_subscriber",
      "common_attrs": {
        "compile_data_glob": [
          "**"
        ],
        "crate_features": {
          "common": [
            "alloc",
            "fmt",
            "registry",
            "sharded-slab",
            "std",
            "thread_local"
          ],
          "selects": {}
        },
        "deps": {
          "common": [
            {
              "id": "sharded-slab 0.1.7",
              "target": "sharded_slab"
            },
            {
              "id": "thread_local 1.1.8",
              "target": "thread_local"
            },
            {
              "id": "tracing-core 0.1.32",
              "target": "tracing_core"
            }
          ],
          "selects": {}
        },
        "edition": "2018",
        "version": "0.3.18"
      },
      "license": "MIT",
      "license_ids": [
        "MIT"
      ],
      "license_file": "LICENSE"
    },
    "valuable 0.1.0": {
      "name": "valuable",
      "version": "0.1.0",
      "package_url": "https://github.com/tokio-rs/valuable",
      "repository": {
        "Http": {
          "url": "https://crates.io/api/v1/crates/valuable/0.1.0/download",
          "sha256": "830b7e5d4d90034032940e4ace0d9a9a057e7a45cd94e6c007832e39edb82f6d"
        }
      },
      "targets": [
        {
          "Library": {
            "crate_name": "valuable",
            "crate_root": "src/lib.rs",
            "srcs": {
              "allow_empty": false,
              "include": [
                "**/*.rs"
              ]
            }
          }
        },
        {
          "BuildScript": {
            "crate_name": "build_script_build",
            "crate_root": "build.rs",
            "srcs": {
              "allow_empty": false,
              "include": [
                "**/*.rs"
              ]
            }
          }
        }
      ],
      "library_target_name": "valuable",
      "common_attrs": {
        "compile_data_glob": [
          "**"
        ],
        "deps": {
          "common": [
            {
              "id": "valuable 0.1.0",
              "target": "build_script_build"
            }
          ],
          "selects": {}
        },
        "edition": "2018",
        "version": "0.1.0"
      },
      "build_script_attrs": {
        "data_glob": [
          "**"
        ]
      },
      "license": "MIT",
      "license_ids": [
        "MIT"
      ],
      "license_file": null
    }
  },
  "binary_crates": [],
  "workspace_members": {
    "direct-cargo-bazel-deps 0.0.1": ""
  },
  "conditions": {
    "aarch64-apple-darwin": [
      "aarch64-apple-darwin"
    ],
    "aarch64-apple-ios": [
      "aarch64-apple-ios"
    ],
    "aarch64-apple-ios-sim": [
      "aarch64-apple-ios-sim"
    ],
    "aarch64-fuchsia": [
      "aarch64-fuchsia"
    ],
    "aarch64-linux-android": [
      "aarch64-linux-android"
    ],
    "aarch64-pc-windows-msvc": [
      "aarch64-pc-windows-msvc"
    ],
    "aarch64-unknown-linux-gnu": [
      "aarch64-unknown-linux-gnu"
    ],
    "aarch64-unknown-nixos-gnu": [
      "aarch64-unknown-nixos-gnu"
    ],
    "aarch64-unknown-nto-qnx710": [
      "aarch64-unknown-nto-qnx710"
    ],
    "arm-unknown-linux-gnueabi": [
      "arm-unknown-linux-gnueabi"
    ],
    "armv7-linux-androideabi": [
      "armv7-linux-androideabi"
    ],
    "armv7-unknown-linux-gnueabi": [
      "armv7-unknown-linux-gnueabi"
    ],
    "cfg(not(all(windows, target_env = \"msvc\", not(target_vendor = \"uwp\"))))": [
      "aarch64-apple-darwin",
      "aarch64-apple-ios",
      "aarch64-apple-ios-sim",
      "aarch64-fuchsia",
      "aarch64-linux-android",
      "aarch64-unknown-linux-gnu",
      "aarch64-unknown-nixos-gnu",
      "aarch64-unknown-nto-qnx710",
      "arm-unknown-linux-gnueabi",
      "armv7-linux-androideabi",
      "armv7-unknown-linux-gnueabi",
      "i686-apple-darwin",
      "i686-linux-android",
      "i686-unknown-freebsd",
      "i686-unknown-linux-gnu",
      "powerpc-unknown-linux-gnu",
      "riscv32imc-unknown-none-elf",
      "riscv64gc-unknown-none-elf",
      "s390x-unknown-linux-gnu",
      "thumbv7em-none-eabi",
      "thumbv8m.main-none-eabi",
      "wasm32-unknown-unknown",
      "wasm32-wasi",
      "x86_64-apple-darwin",
      "x86_64-apple-ios",
      "x86_64-fuchsia",
      "x86_64-linux-android",
      "x86_64-unknown-freebsd",
      "x86_64-unknown-linux-gnu",
      "x86_64-unknown-nixos-gnu",
      "x86_64-unknown-none"
    ],
    "cfg(tracing_unstable)": [],
    "i686-apple-darwin": [
      "i686-apple-darwin"
    ],
    "i686-linux-android": [
      "i686-linux-android"
    ],
    "i686-pc-windows-msvc": [
      "i686-pc-windows-msvc"
    ],
    "i686-unknown-freebsd": [
      "i686-unknown-freebsd"
    ],
    "i686-unknown-linux-gnu": [
      "i686-unknown-linux-gnu"
    ],
    "powerpc-unknown-linux-gnu": [
      "powerpc-unknown-linux-gnu"
    ],
    "riscv32imc-unknown-none-elf": [
      "riscv32imc-unknown-none-elf"
    ],
    "riscv64gc-unknown-none-elf": [
      "riscv64gc-unknown-none-elf"
    ],
    "s390x-unknown-linux-gnu": [
      "s390x-unknown-linux-gnu"
    ],
    "thumbv7em-none-eabi": [
      "thumbv7em-none-eabi"
    ],
    "thumbv8m.main-none-eabi": [
      "thumbv8m.main-none-eabi"
    ],
    "wasm32-unknown-unknown": [
      "wasm32-unknown-unknown"
    ],
    "wasm32-wasi": [
      "wasm32-wasi"
    ],
    "x86_64-apple-darwin": [
      "x86_64-apple-darwin"
    ],
    "x86_64-apple-ios": [
      "x86_64-apple-ios"
    ],
    "x86_64-fuchsia": [
      "x86_64-fuchsia"
    ],
    "x86_64-linux-android": [
      "x86_64-linux-android"
    ],
    "x86_64-pc-windows-msvc": [
      "x86_64-pc-windows-msvc"
    ],
    "x86_64-unknown-freebsd": [
      "x86_64-unknown-freebsd"
    ],
    "x86_64-unknown-linux-gnu": [
      "x86_64-unknown-linux-gnu"
    ],
    "x86_64-unknown-nixos-gnu": [
      "x86_64-unknown-nixos-gnu"
    ],
    "x86_64-unknown-none": [
      "x86_64-unknown-none"
    ]
  },
  "direct_deps": [
    "color-eyre 0.6.2",
    "eyre 0.6.12",
    "libc 0.2.153",
    "tap 1.0.1"
  ],
  "direct_dev_deps": []
}
